// !$*UTF8*$!
{
	archiveVersion = 1;
	classes = {
	};
	objectVersion = 77;
	objects = {

/* Begin PBXBuildFile section */
		0856D0692D136911005A3206 /* HoverZoomSafari Extension.appex in Embed Foundation Extensions */ = {isa = PBXBuildFile; fileRef = 0856D0682D136911005A3206 /* HoverZoomSafari Extension.appex */; settings = {ATTRIBUTES = (RemoveHeadersOnCopy, ); }; };
		0856D0732D136911005A3206 /* HoverZoomSafari Extension.appex in Embed Foundation Extensions */ = {isa = PBXBuildFile; fileRef = 0856D0722D136911005A3206 /* HoverZoomSafari Extension.appex */; settings = {ATTRIBUTES = (RemoveHeadersOnCopy, ); }; };
/* End PBXBuildFile section */

/* Begin PBXContainerItemProxy section */
		0856D06A2D136911005A3206 /* PBXContainerItemProxy */ = {
			isa = PBXContainerItemProxy;
			containerPortal = 0856D02E2D136910005A3206 /* Project object */;
			proxyType = 1;
			remoteGlobalIDString = 0856D0672D136911005A3206;
			remoteInfo = "HoverZoomSafari Extension (iOS)";
		};
		0856D0742D136911005A3206 /* PBXContainerItemProxy */ = {
			isa = PBXContainerItemProxy;
			containerPortal = 0856D02E2D136910005A3206 /* Project object */;
			proxyType = 1;
			remoteGlobalIDString = 0856D0712D136911005A3206;
			remoteInfo = "HoverZoomSafari Extension (macOS)";
		};
/* End PBXContainerItemProxy section */

/* Begin PBXCopyFilesBuildPhase section */
		0856D09C2D136911005A3206 /* Embed Foundation Extensions */ = {
			isa = PBXCopyFilesBuildPhase;
			buildActionMask = 2147483647;
			dstPath = "";
			dstSubfolderSpec = 13;
			files = (
				0856D0692D136911005A3206 /* HoverZoomSafari Extension.appex in Embed Foundation Extensions */,
			);
			name = "Embed Foundation Extensions";
			runOnlyForDeploymentPostprocessing = 0;
		};
		0856D0A62D136911005A3206 /* Embed Foundation Extensions */ = {
			isa = PBXCopyFilesBuildPhase;
			buildActionMask = 2147483647;
			dstPath = "";
			dstSubfolderSpec = 13;
			files = (
				0856D0732D136911005A3206 /* HoverZoomSafari Extension.appex in Embed Foundation Extensions */,
			);
			name = "Embed Foundation Extensions";
			runOnlyForDeploymentPostprocessing = 0;
		};
/* End PBXCopyFilesBuildPhase section */

/* Begin PBXFileReference section */
		0856D04A2D136911005A3206 /* HoverZoomSafari.app */ = {isa = PBXFileReference; explicitFileType = wrapper.application; includeInIndex = 0; path = HoverZoomSafari.app; sourceTree = BUILT_PRODUCTS_DIR; };
		0856D05C2D136911005A3206 /* HoverZoomSafari.app */ = {isa = PBXFileReference; explicitFileType = wrapper.application; includeInIndex = 0; path = HoverZoomSafari.app; sourceTree = BUILT_PRODUCTS_DIR; };
		0856D0682D136911005A3206 /* HoverZoomSafari Extension.appex */ = {isa = PBXFileReference; explicitFileType = "wrapper.app-extension"; includeInIndex = 0; path = "HoverZoomSafari Extension.appex"; sourceTree = BUILT_PRODUCTS_DIR; };
		0856D0722D136911005A3206 /* HoverZoomSafari Extension.appex */ = {isa = PBXFileReference; explicitFileType = "wrapper.app-extension"; includeInIndex = 0; path = "HoverZoomSafari Extension.appex"; sourceTree = BUILT_PRODUCTS_DIR; };
/* End PBXFileReference section */

/* Begin PBXFileSystemSynchronizedBuildFileExceptionSet section */
		0856D0972D136911005A3206 /* Exceptions for "Shared (App)" folder in "HoverZoomSafari (iOS)" target */ = {
			isa = PBXFileSystemSynchronizedBuildFileExceptionSet;
			membershipExceptions = (
				"/Localized: Resources/Main.html",
				Assets.xcassets,
				Resources/Icon.png,
				Resources/Script.js,
				Resources/Style.css,
				ViewController.swift,
			);
			target = 0856D0492D136911005A3206 /* HoverZoomSafari (iOS) */;
		};
		0856D09B2D136911005A3206 /* Exceptions for "iOS (Extension)" folder in "HoverZoomSafari Extension (iOS)" target */ = {
			isa = PBXFileSystemSynchronizedBuildFileExceptionSet;
			membershipExceptions = (
				Info.plist,
			);
			target = 0856D0672D136911005A3206 /* HoverZoomSafari Extension (iOS) */;
		};
		0856D0A02D136911005A3206 /* Exceptions for "iOS (App)" folder in "HoverZoomSafari (iOS)" target */ = {
			isa = PBXFileSystemSynchronizedBuildFileExceptionSet;
			membershipExceptions = (
				Info.plist,
			);
			target = 0856D0492D136911005A3206 /* HoverZoomSafari (iOS) */;
		};
		0856D0A12D136911005A3206 /* Exceptions for "Shared (App)" folder in "HoverZoomSafari (macOS)" target */ = {
			isa = PBXFileSystemSynchronizedBuildFileExceptionSet;
			membershipExceptions = (
				"/Localized: Resources/Main.html",
				Assets.xcassets,
				Resources/Icon.png,
				Resources/Script.js,
				Resources/Style.css,
				ViewController.swift,
			);
			target = 0856D05B2D136911005A3206 /* HoverZoomSafari (macOS) */;
		};
		0856D0A52D136911005A3206 /* Exceptions for "macOS (Extension)" folder in "HoverZoomSafari Extension (macOS)" target */ = {
			isa = PBXFileSystemSynchronizedBuildFileExceptionSet;
			membershipExceptions = (
				Info.plist,
			);
			target = 0856D0712D136911005A3206 /* HoverZoomSafari Extension (macOS) */;
		};
		0856D0AA2D136911005A3206 /* Exceptions for "Shared (Extension)" folder in "HoverZoomSafari Extension (iOS)" target */ = {
			isa = PBXFileSystemSynchronizedBuildFileExceptionSet;
			membershipExceptions = (
				Resources/_locales,
				Resources/background.js,
				Resources/content.js,
				Resources/images,
				Resources/manifest.json,
				Resources/popup.css,
				Resources/popup.html,
				Resources/popup.js,
				SafariWebExtensionHandler.swift,
			);
			target = 0856D0672D136911005A3206 /* HoverZoomSafari Extension (iOS) */;
		};
		0856D0AB2D136911005A3206 /* Exceptions for "Shared (Extension)" folder in "HoverZoomSafari Extension (macOS)" target */ = {
			isa = PBXFileSystemSynchronizedBuildFileExceptionSet;
			membershipExceptions = (
				Resources/_locales,
				Resources/background.js,
				Resources/content.js,
				Resources/images,
				Resources/manifest.json,
				Resources/popup.css,
				Resources/popup.html,
				Resources/popup.js,
				SafariWebExtensionHandler.swift,
			);
			target = 0856D0712D136911005A3206 /* HoverZoomSafari Extension (macOS) */;
		};
/* End PBXFileSystemSynchronizedBuildFileExceptionSet section */

/* Begin PBXFileSystemSynchronizedRootGroup section */
		0856D0322D136910005A3206 /* Shared (App) */ = {
			isa = PBXFileSystemSynchronizedRootGroup;
			exceptions = (
				0856D0972D136911005A3206 /* Exceptions for "Shared (App)" folder in "HoverZoomSafari (iOS)" target */,
				0856D0A12D136911005A3206 /* Exceptions for "Shared (App)" folder in "HoverZoomSafari (macOS)" target */,
			);
			path = "Shared (App)";
			sourceTree = "<group>";
		};
		0856D03B2D136911005A3206 /* Shared (Extension) */ = {
			isa = PBXFileSystemSynchronizedRootGroup;
			exceptions = (
				0856D0AA2D136911005A3206 /* Exceptions for "Shared (Extension)" folder in "HoverZoomSafari Extension (iOS)" target */,
				0856D0AB2D136911005A3206 /* Exceptions for "Shared (Extension)" folder in "HoverZoomSafari Extension (macOS)" target */,
			);
			explicitFolders = (
				Resources/_locales,
				Resources/images,
			);
			path = "Shared (Extension)";
			sourceTree = "<group>";
		};
		0856D04C2D136911005A3206 /* iOS (App) */ = {
			isa = PBXFileSystemSynchronizedRootGroup;
			exceptions = (
				0856D0A02D136911005A3206 /* Exceptions for "iOS (App)" folder in "HoverZoomSafari (iOS)" target */,
			);
			path = "iOS (App)";
			sourceTree = "<group>";
		};
		0856D05D2D136911005A3206 /* macOS (App) */ = {
			isa = PBXFileSystemSynchronizedRootGroup;
			path = "macOS (App)";
			sourceTree = "<group>";
		};
		0856D06C2D136911005A3206 /* iOS (Extension) */ = {
			isa = PBXFileSystemSynchronizedRootGroup;
			exceptions = (
				0856D09B2D136911005A3206 /* Exceptions for "iOS (Extension)" folder in "HoverZoomSafari Extension (iOS)" target */,
			);
			path = "iOS (Extension)";
			sourceTree = "<group>";
		};
		0856D0762D136911005A3206 /* macOS (Extension) */ = {
			isa = PBXFileSystemSynchronizedRootGroup;
			exceptions = (
				0856D0A52D136911005A3206 /* Exceptions for "macOS (Extension)" folder in "HoverZoomSafari Extension (macOS)" target */,
			);
			path = "macOS (Extension)";
			sourceTree = "<group>";
		};
/* End PBXFileSystemSynchronizedRootGroup section */

/* Begin PBXFrameworksBuildPhase section */
		0856D0472D136911005A3206 /* Frameworks */ = {
			isa = PBXFrameworksBuildPhase;
			buildActionMask = 2147483647;
			files = (
			);
			runOnlyForDeploymentPostprocessing = 0;
		};
		0856D0592D136911005A3206 /* Frameworks */ = {
			isa = PBXFrameworksBuildPhase;
			buildActionMask = 2147483647;
			files = (
			);
			runOnlyForDeploymentPostprocessing = 0;
		};
		0856D0652D136911005A3206 /* Frameworks */ = {
			isa = PBXFrameworksBuildPhase;
			buildActionMask = 2147483647;
			files = (
			);
			runOnlyForDeploymentPostprocessing = 0;
		};
		0856D06F2D136911005A3206 /* Frameworks */ = {
			isa = PBXFrameworksBuildPhase;
			buildActionMask = 2147483647;
			files = (
			);
			runOnlyForDeploymentPostprocessing = 0;
		};
/* End PBXFrameworksBuildPhase section */

/* Begin PBXGroup section */
		0856D02D2D136910005A3206 = {
			isa = PBXGroup;
			children = (
				0856D0322D136910005A3206 /* Shared (App) */,
				0856D03B2D136911005A3206 /* Shared (Extension) */,
				0856D04C2D136911005A3206 /* iOS (App) */,
				0856D05D2D136911005A3206 /* macOS (App) */,
				0856D06C2D136911005A3206 /* iOS (Extension) */,
				0856D0762D136911005A3206 /* macOS (Extension) */,
				0856D04B2D136911005A3206 /* Products */,
			);
			sourceTree = "<group>";
		};
		0856D04B2D136911005A3206 /* Products */ = {
			isa = PBXGroup;
			children = (
				0856D04A2D136911005A3206 /* HoverZoomSafari.app */,
				0856D05C2D136911005A3206 /* HoverZoomSafari.app */,
				0856D0682D136911005A3206 /* HoverZoomSafari Extension.appex */,
				0856D0722D136911005A3206 /* HoverZoomSafari Extension.appex */,
			);
			name = Products;
			sourceTree = "<group>";
		};
/* End PBXGroup section */

/* Begin PBXNativeTarget section */
		0856D0492D136911005A3206 /* HoverZoomSafari (iOS) */ = {
			isa = PBXNativeTarget;
			buildConfigurationList = 0856D09D2D136911005A3206 /* Build configuration list for PBXNativeTarget "HoverZoomSafari (iOS)" */;
			buildPhases = (
				0856D0462D136911005A3206 /* Sources */,
				0856D0472D136911005A3206 /* Frameworks */,
				0856D0482D136911005A3206 /* Resources */,
				0856D09C2D136911005A3206 /* Embed Foundation Extensions */,
			);
			buildRules = (
			);
			dependencies = (
				0856D06B2D136911005A3206 /* PBXTargetDependency */,
			);
			fileSystemSynchronizedGroups = (
				0856D04C2D136911005A3206 /* iOS (App) */,
			);
			name = "HoverZoomSafari (iOS)";
			packageProductDependencies = (
			);
			productName = "HoverZoomSafari (iOS)";
			productReference = 0856D04A2D136911005A3206 /* HoverZoomSafari.app */;
			productType = "com.apple.product-type.application";
		};
		0856D05B2D136911005A3206 /* HoverZoomSafari (macOS) */ = {
			isa = PBXNativeTarget;
			buildConfigurationList = 0856D0A72D136911005A3206 /* Build configuration list for PBXNativeTarget "HoverZoomSafari (macOS)" */;
			buildPhases = (
				0856D0582D136911005A3206 /* Sources */,
				0856D0592D136911005A3206 /* Frameworks */,
				0856D05A2D136911005A3206 /* Resources */,
				0856D0A62D136911005A3206 /* Embed Foundation Extensions */,
			);
			buildRules = (
			);
			dependencies = (
				0856D0752D136911005A3206 /* PBXTargetDependency */,
			);
			fileSystemSynchronizedGroups = (
				0856D05D2D136911005A3206 /* macOS (App) */,
			);
			name = "HoverZoomSafari (macOS)";
			packageProductDependencies = (
			);
			productName = "HoverZoomSafari (macOS)";
			productReference = 0856D05C2D136911005A3206 /* HoverZoomSafari.app */;
			productType = "com.apple.product-type.application";
		};
		0856D0672D136911005A3206 /* HoverZoomSafari Extension (iOS) */ = {
			isa = PBXNativeTarget;
			buildConfigurationList = 0856D0982D136911005A3206 /* Build configuration list for PBXNativeTarget "HoverZoomSafari Extension (iOS)" */;
			buildPhases = (
				0856D0642D136911005A3206 /* Sources */,
				0856D0652D136911005A3206 /* Frameworks */,
				0856D0662D136911005A3206 /* Resources */,
			);
			buildRules = (
			);
			dependencies = (
			);
			fileSystemSynchronizedGroups = (
				0856D06C2D136911005A3206 /* iOS (Extension) */,
			);
			name = "HoverZoomSafari Extension (iOS)";
			packageProductDependencies = (
			);
			productName = "HoverZoomSafari Extension (iOS)";
			productReference = 0856D0682D136911005A3206 /* HoverZoomSafari Extension.appex */;
			productType = "com.apple.product-type.app-extension";
		};
		0856D0712D136911005A3206 /* HoverZoomSafari Extension (macOS) */ = {
			isa = PBXNativeTarget;
			buildConfigurationList = 0856D0A22D136911005A3206 /* Build configuration list for PBXNativeTarget "HoverZoomSafari Extension (macOS)" */;
			buildPhases = (
				0856D06E2D136911005A3206 /* Sources */,
				0856D06F2D136911005A3206 /* Frameworks */,
				0856D0702D136911005A3206 /* Resources */,
			);
			buildRules = (
			);
			dependencies = (
			);
			fileSystemSynchronizedGroups = (
				0856D0762D136911005A3206 /* macOS (Extension) */,
			);
			name = "HoverZoomSafari Extension (macOS)";
			packageProductDependencies = (
			);
			productName = "HoverZoomSafari Extension (macOS)";
			productReference = 0856D0722D136911005A3206 /* HoverZoomSafari Extension.appex */;
			productType = "com.apple.product-type.app-extension";
		};
/* End PBXNativeTarget section */

/* Begin PBXProject section */
		0856D02E2D136910005A3206 /* Project object */ = {
			isa = PBXProject;
			attributes = {
				BuildIndependentTargetsInParallel = 1;
				LastSwiftUpdateCheck = 1610;
				LastUpgradeCheck = 1610;
				TargetAttributes = {
					0856D0492D136911005A3206 = {
						CreatedOnToolsVersion = 16.1;
					};
					0856D05B2D136911005A3206 = {
						CreatedOnToolsVersion = 16.1;
					};
					0856D0672D136911005A3206 = {
						CreatedOnToolsVersion = 16.1;
					};
					0856D0712D136911005A3206 = {
						CreatedOnToolsVersion = 16.1;
					};
				};
			};
			buildConfigurationList = 0856D0312D136910005A3206 /* Build configuration list for PBXProject "HoverZoomSafari" */;
			developmentRegion = en;
			hasScannedForEncodings = 0;
			knownRegions = (
				en,
				Base,
			);
			mainGroup = 0856D02D2D136910005A3206;
			minimizedProjectReferenceProxies = 1;
			preferredProjectObjectVersion = 77;
			productRefGroup = 0856D04B2D136911005A3206 /* Products */;
			projectDirPath = "";
			projectRoot = "";
			targets = (
				0856D0492D136911005A3206 /* HoverZoomSafari (iOS) */,
				0856D05B2D136911005A3206 /* HoverZoomSafari (macOS) */,
				0856D0672D136911005A3206 /* HoverZoomSafari Extension (iOS) */,
				0856D0712D136911005A3206 /* HoverZoomSafari Extension (macOS) */,
			);
		};
/* End PBXProject section */

/* Begin PBXResourcesBuildPhase section */
		0856D0482D136911005A3206 /* Resources */ = {
			isa = PBXResourcesBuildPhase;
			buildActionMask = 2147483647;
			files = (
			);
			runOnlyForDeploymentPostprocessing = 0;
		};
		0856D05A2D136911005A3206 /* Resources */ = {
			isa = PBXResourcesBuildPhase;
			buildActionMask = 2147483647;
			files = (
			);
			runOnlyForDeploymentPostprocessing = 0;
		};
		0856D0662D136911005A3206 /* Resources */ = {
			isa = PBXResourcesBuildPhase;
			buildActionMask = 2147483647;
			files = (
			);
			runOnlyForDeploymentPostprocessing = 0;
		};
		0856D0702D136911005A3206 /* Resources */ = {
			isa = PBXResourcesBuildPhase;
			buildActionMask = 2147483647;
			files = (
			);
			runOnlyForDeploymentPostprocessing = 0;
		};
/* End PBXResourcesBuildPhase section */

/* Begin PBXSourcesBuildPhase section */
		0856D0462D136911005A3206 /* Sources */ = {
			isa = PBXSourcesBuildPhase;
			buildActionMask = 2147483647;
			files = (
			);
			runOnlyForDeploymentPostprocessing = 0;
		};
		0856D0582D136911005A3206 /* Sources */ = {
			isa = PBXSourcesBuildPhase;
			buildActionMask = 2147483647;
			files = (
			);
			runOnlyForDeploymentPostprocessing = 0;
		};
		0856D0642D136911005A3206 /* Sources */ = {
			isa = PBXSourcesBuildPhase;
			buildActionMask = 2147483647;
			files = (
			);
			runOnlyForDeploymentPostprocessing = 0;
		};
		0856D06E2D136911005A3206 /* Sources */ = {
			isa = PBXSourcesBuildPhase;
			buildActionMask = 2147483647;
			files = (
			);
			runOnlyForDeploymentPostprocessing = 0;
		};
/* End PBXSourcesBuildPhase section */

/* Begin PBXTargetDependency section */
		0856D06B2D136911005A3206 /* PBXTargetDependency */ = {
			isa = PBXTargetDependency;
			target = 0856D0672D136911005A3206 /* HoverZoomSafari Extension (iOS) */;
			targetProxy = 0856D06A2D136911005A3206 /* PBXContainerItemProxy */;
		};
		0856D0752D136911005A3206 /* PBXTargetDependency */ = {
			isa = PBXTargetDependency;
			target = 0856D0712D136911005A3206 /* HoverZoomSafari Extension (macOS) */;
			targetProxy = 0856D0742D136911005A3206 /* PBXContainerItemProxy */;
		};
/* End PBXTargetDependency section */

/* Begin XCBuildConfiguration section */
		0856D0992D136911005A3206 /* Debug */ = {
			isa = XCBuildConfiguration;
			buildSettings = {
				CODE_SIGN_STYLE = Automatic;
				CURRENT_PROJECT_VERSION = 1;
				GENERATE_INFOPLIST_FILE = YES;
				INFOPLIST_FILE = "iOS (Extension)/Info.plist";
				INFOPLIST_KEY_CFBundleDisplayName = "HoverZoomSafari Extension";
				INFOPLIST_KEY_NSHumanReadableCopyright = "";
				IPHONEOS_DEPLOYMENT_TARGET = 15.0;
				LD_RUNPATH_SEARCH_PATHS = (
					"$(inherited)",
					"@executable_path/Frameworks",
					"@executable_path/../../Frameworks",
				);
				MARKETING_VERSION = 1.0;
				OTHER_LDFLAGS = (
					"-framework",
					SafariServices,
				);
				PRODUCT_BUNDLE_IDENTIFIER = SBH.HoverZoomSafari.Extension;
				PRODUCT_NAME = "HoverZoomSafari Extension";
				SDKROOT = iphoneos;
				SKIP_INSTALL = YES;
				SWIFT_EMIT_LOC_STRINGS = YES;
				SWIFT_VERSION = 5.0;
				TARGETED_DEVICE_FAMILY = "1,2";
			};
			name = Debug;
		};
		0856D09A2D136911005A3206 /* Release */ = {
			isa = XCBuildConfiguration;
			buildSettings = {
				CODE_SIGN_STYLE = Automatic;
				CURRENT_PROJECT_VERSION = 1;
				GENERATE_INFOPLIST_FILE = YES;
				INFOPLIST_FILE = "iOS (Extension)/Info.plist";
				INFOPLIST_KEY_CFBundleDisplayName = "HoverZoomSafari Extension";
				INFOPLIST_KEY_NSHumanReadableCopyright = "";
				IPHONEOS_DEPLOYMENT_TARGET = 15.0;
				LD_RUNPATH_SEARCH_PATHS = (
					"$(inherited)",
					"@executable_path/Frameworks",
					"@executable_path/../../Frameworks",
				);
				MARKETING_VERSION = 1.0;
				OTHER_LDFLAGS = (
					"-framework",
					SafariServices,
				);
				PRODUCT_BUNDLE_IDENTIFIER = SBH.HoverZoomSafari.Extension;
				PRODUCT_NAME = "HoverZoomSafari Extension";
				SDKROOT = iphoneos;
				SKIP_INSTALL = YES;
				SWIFT_EMIT_LOC_STRINGS = YES;
				SWIFT_VERSION = 5.0;
				TARGETED_DEVICE_FAMILY = "1,2";
				VALIDATE_PRODUCT = YES;
			};
			name = Release;
		};
		0856D09E2D136911005A3206 /* Debug */ = {
			isa = XCBuildConfiguration;
			buildSettings = {
				ASSETCATALOG_COMPILER_APPICON_NAME = AppIcon;
				ASSETCATALOG_COMPILER_GLOBAL_ACCENT_COLOR_NAME = AccentColor;
				CODE_SIGN_STYLE = Automatic;
				CURRENT_PROJECT_VERSION = 1;
				GENERATE_INFOPLIST_FILE = YES;
				INFOPLIST_FILE = "iOS (App)/Info.plist";
				INFOPLIST_KEY_CFBundleDisplayName = HoverZoomSafari;
				INFOPLIST_KEY_UIApplicationSupportsIndirectInputEvents = YES;
				INFOPLIST_KEY_UILaunchStoryboardName = LaunchScreen;
				INFOPLIST_KEY_UIMainStoryboardFile = Main;
				INFOPLIST_KEY_UISupportedInterfaceOrientations = "UIInterfaceOrientationPortrait UIInterfaceOrientationLandscapeLeft UIInterfaceOrientationLandscapeRight";
				INFOPLIST_KEY_UISupportedInterfaceOrientations_iPad = "UIInterfaceOrientationPortrait UIInterfaceOrientationPortraitUpsideDown UIInterfaceOrientationLandscapeLeft UIInterfaceOrientationLandscapeRight";
				IPHONEOS_DEPLOYMENT_TARGET = 15.0;
				LD_RUNPATH_SEARCH_PATHS = (
					"$(inherited)",
					"@executable_path/Frameworks",
				);
				MARKETING_VERSION = 1.0;
				OTHER_LDFLAGS = (
					"-framework",
					SafariServices,
					"-framework",
					WebKit,
				);
				PRODUCT_BUNDLE_IDENTIFIER = SBH.HoverZoomSafari;
				PRODUCT_NAME = HoverZoomSafari;
				SDKROOT = iphoneos;
				SWIFT_EMIT_LOC_STRINGS = YES;
				SWIFT_VERSION = 5.0;
				TARGETED_DEVICE_FAMILY = "1,2";
			};
			name = Debug;
		};
		0856D09F2D136911005A3206 /* Release */ = {
			isa = XCBuildConfiguration;
			buildSettings = {
				ASSETCATALOG_COMPILER_APPICON_NAME = AppIcon;
				ASSETCATALOG_COMPILER_GLOBAL_ACCENT_COLOR_NAME = AccentColor;
				CODE_SIGN_STYLE = Automatic;
				CURRENT_PROJECT_VERSION = 1;
				GENERATE_INFOPLIST_FILE = YES;
				INFOPLIST_FILE = "iOS (App)/Info.plist";
				INFOPLIST_KEY_CFBundleDisplayName = HoverZoomSafari;
				INFOPLIST_KEY_UIApplicationSupportsIndirectInputEvents = YES;
				INFOPLIST_KEY_UILaunchStoryboardName = LaunchScreen;
				INFOPLIST_KEY_UIMainStoryboardFile = Main;
				INFOPLIST_KEY_UISupportedInterfaceOrientations = "UIInterfaceOrientationPortrait UIInterfaceOrientationLandscapeLeft UIInterfaceOrientationLandscapeRight";
				INFOPLIST_KEY_UISupportedInterfaceOrientations_iPad = "UIInterfaceOrientationPortrait UIInterfaceOrientationPortraitUpsideDown UIInterfaceOrientationLandscapeLeft UIInterfaceOrientationLandscapeRight";
				IPHONEOS_DEPLOYMENT_TARGET = 15.0;
				LD_RUNPATH_SEARCH_PATHS = (
					"$(inherited)",
					"@executable_path/Frameworks",
				);
				MARKETING_VERSION = 1.0;
				OTHER_LDFLAGS = (
					"-framework",
					SafariServices,
					"-framework",
					WebKit,
				);
				PRODUCT_BUNDLE_IDENTIFIER = SBH.HoverZoomSafari;
				PRODUCT_NAME = HoverZoomSafari;
				SDKROOT = iphoneos;
				SWIFT_EMIT_LOC_STRINGS = YES;
				SWIFT_VERSION = 5.0;
				TARGETED_DEVICE_FAMILY = "1,2";
				VALIDATE_PRODUCT = YES;
			};
			name = Release;
		};
		0856D0A32D136911005A3206 /* Debug */ = {
			isa = XCBuildConfiguration;
			buildSettings = {
				CODE_SIGN_ENTITLEMENTS = "macOS (Extension)/HoverZoomSafari.entitlements";
				CODE_SIGN_STYLE = Automatic;
				CURRENT_PROJECT_VERSION = 1;
				ENABLE_HARDENED_RUNTIME = YES;
				GENERATE_INFOPLIST_FILE = YES;
				INFOPLIST_FILE = "macOS (Extension)/Info.plist";
				INFOPLIST_KEY_CFBundleDisplayName = "HoverZoomSafari Extension";
				INFOPLIST_KEY_NSHumanReadableCopyright = "";
				LD_RUNPATH_SEARCH_PATHS = (
					"$(inherited)",
					"@executable_path/../Frameworks",
					"@executable_path/../../../../Frameworks",
				);
				MACOSX_DEPLOYMENT_TARGET = 10.14;
				MARKETING_VERSION = 1.0;
				OTHER_LDFLAGS = (
					"-framework",
					SafariServices,
				);
				PRODUCT_BUNDLE_IDENTIFIER = SBH.HoverZoomSafari.Extension;
				PRODUCT_NAME = "HoverZoomSafari Extension";
				SDKROOT = macosx;
				SKIP_INSTALL = YES;
				SWIFT_EMIT_LOC_STRINGS = YES;
				SWIFT_VERSION = 5.0;
			};
			name = Debug;
		};
		0856D0A42D136911005A3206 /* Release */ = {
			isa = XCBuildConfiguration;
			buildSettings = {
				CODE_SIGN_ENTITLEMENTS = "macOS (Extension)/HoverZoomSafari.entitlements";
				CODE_SIGN_STYLE = Automatic;
				CURRENT_PROJECT_VERSION = 1;
				ENABLE_HARDENED_RUNTIME = YES;
				GENERATE_INFOPLIST_FILE = YES;
				INFOPLIST_FILE = "macOS (Extension)/Info.plist";
				INFOPLIST_KEY_CFBundleDisplayName = "HoverZoomSafari Extension";
				INFOPLIST_KEY_NSHumanReadableCopyright = "";
				LD_RUNPATH_SEARCH_PATHS = (
					"$(inherited)",
					"@executable_path/../Frameworks",
					"@executable_path/../../../../Frameworks",
				);
				MACOSX_DEPLOYMENT_TARGET = 10.14;
				MARKETING_VERSION = 1.0;
				OTHER_LDFLAGS = (
					"-framework",
					SafariServices,
				);
				PRODUCT_BUNDLE_IDENTIFIER = SBH.HoverZoomSafari.Extension;
				PRODUCT_NAME = "HoverZoomSafari Extension";
				SDKROOT = macosx;
				SKIP_INSTALL = YES;
				SWIFT_EMIT_LOC_STRINGS = YES;
				SWIFT_VERSION = 5.0;
			};
			name = Release;
		};
		0856D0A82D136911005A3206 /* Debug */ = {
			isa = XCBuildConfiguration;
			buildSettings = {
				ASSETCATALOG_COMPILER_APPICON_NAME = AppIcon;
				ASSETCATALOG_COMPILER_GLOBAL_ACCENT_COLOR_NAME = AccentColor;
				CODE_SIGN_ENTITLEMENTS = "macOS (App)/HoverZoomSafari.entitlements";
				CODE_SIGN_STYLE = Automatic;
				CURRENT_PROJECT_VERSION = 1;
				ENABLE_HARDENED_RUNTIME = YES;
				GENERATE_INFOPLIST_FILE = YES;
				INFOPLIST_KEY_CFBundleDisplayName = HoverZoomSafari;
				INFOPLIST_KEY_NSMainStoryboardFile = Main;
				INFOPLIST_KEY_NSPrincipalClass = NSApplication;
				LD_RUNPATH_SEARCH_PATHS = (
					"$(inherited)",
					"@executable_path/../Frameworks",
				);
				MACOSX_DEPLOYMENT_TARGET = 10.14;
				MARKETING_VERSION = 1.0;
				OTHER_LDFLAGS = (
					"-framework",
					SafariServices,
					"-framework",
					WebKit,
				);
				PRODUCT_BUNDLE_IDENTIFIER = SBH.HoverZoomSafari;
				PRODUCT_NAME = HoverZoomSafari;
				SDKROOT = macosx;
				SWIFT_EMIT_LOC_STRINGS = YES;
				SWIFT_VERSION = 5.0;
			};
			name = Debug;
		};
		0856D0A92D136911005A3206 /* Release */ = {
			isa = XCBuildConfiguration;
			buildSettings = {
				ASSETCATALOG_COMPILER_APPICON_NAME = AppIcon;
				ASSETCATALOG_COMPILER_GLOBAL_ACCENT_COLOR_NAME = AccentColor;
				CODE_SIGN_ENTITLEMENTS = "macOS (App)/HoverZoomSafari.entitlements";
				CODE_SIGN_STYLE = Automatic;
				CURRENT_PROJECT_VERSION = 1;
				ENABLE_HARDENED_RUNTIME = YES;
				GENERATE_INFOPLIST_FILE = YES;
				INFOPLIST_KEY_CFBundleDisplayName = HoverZoomSafari;
				INFOPLIST_KEY_NSMainStoryboardFile = Main;
				INFOPLIST_KEY_NSPrincipalClass = NSApplication;
				LD_RUNPATH_SEARCH_PATHS = (
					"$(inherited)",
					"@executable_path/../Frameworks",
				);
				MACOSX_DEPLOYMENT_TARGET = 10.14;
				MARKETING_VERSION = 1.0;
				OTHER_LDFLAGS = (
					"-framework",
					SafariServices,
					"-framework",
					WebKit,
				);
				PRODUCT_BUNDLE_IDENTIFIER = SBH.HoverZoomSafari;
				PRODUCT_NAME = HoverZoomSafari;
				SDKROOT = macosx;
				SWIFT_EMIT_LOC_STRINGS = YES;
				SWIFT_VERSION = 5.0;
			};
			name = Release;
		};
		0856D0AC2D136911005A3206 /* Debug */ = {
			isa = XCBuildConfiguration;
			buildSettings = {
				ALWAYS_SEARCH_USER_PATHS = NO;
				ASSETCATALOG_COMPILER_GENERATE_SWIFT_ASSET_SYMBOL_EXTENSIONS = YES;
				CLANG_ANALYZER_NONNULL = YES;
				CLANG_ANALYZER_NUMBER_OBJECT_CONVERSION = YES_AGGRESSIVE;
				CLANG_CXX_LANGUAGE_STANDARD = "gnu++20";
				CLANG_ENABLE_MODULES = YES;
				CLANG_ENABLE_OBJC_ARC = YES;
				CLANG_ENABLE_OBJC_WEAK = YES;
				CLANG_WARN_BLOCK_CAPTURE_AUTORELEASING = YES;
				CLANG_WARN_BOOL_CONVERSION = YES;
				CLANG_WARN_COMMA = YES;
				CLANG_WARN_CONSTANT_CONVERSION = YES;
				CLANG_WARN_DEPRECATED_OBJC_IMPLEMENTATIONS = YES;
				CLANG_WARN_DIRECT_OBJC_ISA_USAGE = YES_ERROR;
				CLANG_WARN_DOCUMENTATION_COMMENTS = YES;
				CLANG_WARN_EMPTY_BODY = YES;
				CLANG_WARN_ENUM_CONVERSION = YES;
				CLANG_WARN_INFINITE_RECURSION = YES;
				CLANG_WARN_INT_CONVERSION = YES;
				CLANG_WARN_NON_LITERAL_NULL_CONVERSION = YES;
				CLANG_WARN_OBJC_IMPLICIT_RETAIN_SELF = YES;
				CLANG_WARN_OBJC_LITERAL_CONVERSION = YES;
				CLANG_WARN_OBJC_ROOT_CLASS = YES_ERROR;
				CLANG_WARN_QUOTED_INCLUDE_IN_FRAMEWORK_HEADER = YES;
				CLANG_WARN_RANGE_LOOP_ANALYSIS = YES;
				CLANG_WARN_STRICT_PROTOTYPES = YES;
				CLANG_WARN_SUSPICIOUS_MOVE = YES;
				CLANG_WARN_UNGUARDED_AVAILABILITY = YES_AGGRESSIVE;
				CLANG_WARN_UNREACHABLE_CODE = YES;
				CLANG_WARN__DUPLICATE_METHOD_MATCH = YES;
				COPY_PHASE_STRIP = NO;
				DEBUG_INFORMATION_FORMAT = dwarf;
				ENABLE_STRICT_OBJC_MSGSEND = YES;
				ENABLE_TESTABILITY = YES;
				ENABLE_USER_SCRIPT_SANDBOXING = YES;
				GCC_C_LANGUAGE_STANDARD = gnu17;
				GCC_DYNAMIC_NO_PIC = NO;
				GCC_NO_COMMON_BLOCKS = YES;
				GCC_OPTIMIZATION_LEVEL = 0;
				GCC_PREPROCESSOR_DEFINITIONS = (
					"DEBUG=1",
					"$(inherited)",
				);
				GCC_WARN_64_TO_32_BIT_CONVERSION = YES;
				GCC_WARN_ABOUT_RETURN_TYPE = YES_ERROR;
				GCC_WARN_UNDECLARED_SELECTOR = YES;
				GCC_WARN_UNINITIALIZED_AUTOS = YES_AGGRESSIVE;
				GCC_WARN_UNUSED_FUNCTION = YES;
				GCC_WARN_UNUSED_VARIABLE = YES;
				LOCALIZATION_PREFERS_STRING_CATALOGS = YES;
				MTL_ENABLE_DEBUG_INFO = INCLUDE_SOURCE;
				MTL_FAST_MATH = YES;
				ONLY_ACTIVE_ARCH = YES;
				SWIFT_ACTIVE_COMPILATION_CONDITIONS = "DEBUG $(inherited)";
				SWIFT_OPTIMIZATION_LEVEL = "-Onone";
			};
			name = Debug;
		};
		0856D0AD2D136911005A3206 /* Release */ = {
			isa = XCBuildConfiguration;
			buildSettings = {
				ALWAYS_SEARCH_USER_PATHS = NO;
				ASSETCATALOG_COMPILER_GENERATE_SWIFT_ASSET_SYMBOL_EXTENSIONS = YES;
				CLANG_ANALYZER_NONNULL = YES;
				CLANG_ANALYZER_NUMBER_OBJECT_CONVERSION = YES_AGGRESSIVE;
				CLANG_CXX_LANGUAGE_STANDARD = "gnu++20";
				CLANG_ENABLE_MODULES = YES;
				CLANG_ENABLE_OBJC_ARC = YES;
				CLANG_ENABLE_OBJC_WEAK = YES;
				CLANG_WARN_BLOCK_CAPTURE_AUTORELEASING = YES;
				CLANG_WARN_BOOL_CONVERSION = YES;
				CLANG_WARN_COMMA = YES;
				CLANG_WARN_CONSTANT_CONVERSION = YES;
				CLANG_WARN_DEPRECATED_OBJC_IMPLEMENTATIONS = YES;
				CLANG_WARN_DIRECT_OBJC_ISA_USAGE = YES_ERROR;
				CLANG_WARN_DOCUMENTATION_COMMENTS = YES;
				CLANG_WARN_EMPTY_BODY = YES;
				CLANG_WARN_ENUM_CONVERSION = YES;
				CLANG_WARN_INFINITE_RECURSION = YES;
				CLANG_WARN_INT_CONVERSION = YES;
				CLANG_WARN_NON_LITERAL_NULL_CONVERSION = YES;
				CLANG_WARN_OBJC_IMPLICIT_RETAIN_SELF = YES;
				CLANG_WARN_OBJC_LITERAL_CONVERSION = YES;
				CLANG_WARN_OBJC_ROOT_CLASS = YES_ERROR;
				CLANG_WARN_QUOTED_INCLUDE_IN_FRAMEWORK_HEADER = YES;
				CLANG_WARN_RANGE_LOOP_ANALYSIS = YES;
				CLANG_WARN_STRICT_PROTOTYPES = YES;
				CLANG_WARN_SUSPICIOUS_MOVE = YES;
				CLANG_WARN_UNGUARDED_AVAILABILITY = YES_AGGRESSIVE;
				CLANG_WARN_UNREACHABLE_CODE = YES;
				CLANG_WARN__DUPLICATE_METHOD_MATCH = YES;
				COPY_PHASE_STRIP = NO;
				DEBUG_INFORMATION_FORMAT = "dwarf-with-dsym";
				ENABLE_NS_ASSERTIONS = NO;
				ENABLE_STRICT_OBJC_MSGSEND = YES;
				ENABLE_USER_SCRIPT_SANDBOXING = YES;
				GCC_C_LANGUAGE_STANDARD = gnu17;
				GCC_NO_COMMON_BLOCKS = YES;
				GCC_WARN_64_TO_32_BIT_CONVERSION = YES;
				GCC_WARN_ABOUT_RETURN_TYPE = YES_ERROR;
				GCC_WARN_UNDECLARED_SELECTOR = YES;
				GCC_WARN_UNINITIALIZED_AUTOS = YES_AGGRESSIVE;
				GCC_WARN_UNUSED_FUNCTION = YES;
				GCC_WARN_UNUSED_VARIABLE = YES;
				LOCALIZATION_PREFERS_STRING_CATALOGS = YES;
				MTL_ENABLE_DEBUG_INFO = NO;
				MTL_FAST_MATH = YES;
				SWIFT_COMPILATION_MODE = wholemodule;
			};
			name = Release;
		};
/* End XCBuildConfiguration section */

/* Begin XCConfigurationList section */
		0856D0312D136910005A3206 /* Build configuration list for PBXProject "HoverZoomSafari" */ = {
			isa = XCConfigurationList;
			buildConfigurations = (
				0856D0AC2D136911005A3206 /* Debug */,
				0856D0AD2D136911005A3206 /* Release */,
			);
			defaultConfigurationIsVisible = 0;
			defaultConfigurationName = Release;
		};
		0856D0982D136911005A3206 /* Build configuration list for PBXNativeTarget "HoverZoomSafari Extension (iOS)" */ = {
			isa = XCConfigurationList;
			buildConfigurations = (
				0856D0992D136911005A3206 /* Debug */,
				0856D09A2D136911005A3206 /* Release */,
			);
			defaultConfigurationIsVisible = 0;
			defaultConfigurationName = Release;
		};
		0856D09D2D136911005A3206 /* Build configuration list for PBXNativeTarget "HoverZoomSafari (iOS)" */ = {
			isa = XCConfigurationList;
			buildConfigurations = (
				0856D09E2D136911005A3206 /* Debug */,
				0856D09F2D136911005A3206 /* Release */,
			);
			defaultConfigurationIsVisible = 0;
			defaultConfigurationName = Release;
		};
		0856D0A22D136911005A3206 /* Build configuration list for PBXNativeTarget "HoverZoomSafari Extension (macOS)" */ = {
			isa = XCConfigurationList;
			buildConfigurations = (
				0856D0A32D136911005A3206 /* Debug */,
				0856D0A42D136911005A3206 /* Release */,
			);
			defaultConfigurationIsVisible = 0;
			defaultConfigurationName = Release;
		};
		0856D0A72D136911005A3206 /* Build configuration list for PBXNativeTarget "HoverZoomSafari (macOS)" */ = {
			isa = XCConfigurationList;
			buildConfigurations = (
				0856D0A82D136911005A3206 /* Debug */,
				0856D0A92D136911005A3206 /* Release */,
			);
			defaultConfigurationIsVisible = 0;
			defaultConfigurationName = Release;
		};
/* End XCConfigurationList section */
	};
	rootObject = 0856D02E2D136910005A3206 /* Project object */;
}
